// !$*UTF8*$!
{
	archiveVersion = 1;
	classes = {
	};
	objectVersion = 73;
	objects = {

/* Begin PBXBuildFile section */
		D7B2B8092C36655A005E0906 /* WidgetKit.framework in Frameworks */ = {isa = PBXBuildFile; fileRef = D7B2B8082C36655A005E0906 /* WidgetKit.framework */; };
		D7B2B80B2C36655A005E0906 /* SwiftUI.framework in Frameworks */ = {isa = PBXBuildFile; fileRef = D7B2B80A2C36655A005E0906 /* SwiftUI.framework */; };
		D7B2B8162C36655B005E0906 /* Budget WidgetExtension.appex in Embed Foundation Extensions */ = {isa = PBXBuildFile; fileRef = D7B2B8062C36655A005E0906 /* Budget WidgetExtension.appex */; settings = {ATTRIBUTES = (RemoveHeadersOnCopy, ); }; };
		D7B2B8282C388CFC005E0906 /* AppIntents.framework in Frameworks */ = {isa = PBXBuildFile; fileRef = D7B2B8272C388CFC005E0906 /* AppIntents.framework */; };
/* End PBXBuildFile section */

/* Begin PBXContainerItemProxy section */
		D7B2B8142C36655B005E0906 /* PBXContainerItemProxy */ = {
			isa = PBXContainerItemProxy;
			containerPortal = D7B2B78C2C31F8A2005E0906 /* Project object */;
			proxyType = 1;
			remoteGlobalIDString = D7B2B8052C36655A005E0906;
			remoteInfo = "Budget WidgetExtension";
		};
/* End PBXContainerItemProxy section */

/* Begin PBXCopyFilesBuildPhase section */
		D7B2B81A2C36655B005E0906 /* Embed Foundation Extensions */ = {
			isa = PBXCopyFilesBuildPhase;
			buildActionMask = 2147483647;
			dstPath = "";
			dstSubfolderSpec = 13;
			files = (
				D7B2B8162C36655B005E0906 /* Budget WidgetExtension.appex in Embed Foundation Extensions */,
			);
			name = "Embed Foundation Extensions";
			runOnlyForDeploymentPostprocessing = 0;
		};
/* End PBXCopyFilesBuildPhase section */

/* Begin PBXFileReference section */
		D7B2B7942C31F8A2005E0906 /* Brandon's Budget.app */ = {isa = PBXFileReference; explicitFileType = wrapper.application; includeInIndex = 0; path = "Brandon's Budget.app"; sourceTree = BUILT_PRODUCTS_DIR; };
		D7B2B8062C36655A005E0906 /* Budget WidgetExtension.appex */ = {isa = PBXFileReference; explicitFileType = "wrapper.app-extension"; includeInIndex = 0; path = "Budget WidgetExtension.appex"; sourceTree = BUILT_PRODUCTS_DIR; };
		D7B2B8082C36655A005E0906 /* WidgetKit.framework */ = {isa = PBXFileReference; lastKnownFileType = wrapper.framework; name = WidgetKit.framework; path = System/Library/Frameworks/WidgetKit.framework; sourceTree = SDKROOT; };
		D7B2B80A2C36655A005E0906 /* SwiftUI.framework */ = {isa = PBXFileReference; lastKnownFileType = wrapper.framework; name = SwiftUI.framework; path = System/Library/Frameworks/SwiftUI.framework; sourceTree = SDKROOT; };
		D7B2B8272C388CFC005E0906 /* AppIntents.framework */ = {isa = PBXFileReference; lastKnownFileType = wrapper.framework; name = AppIntents.framework; path = Platforms/iPhoneOS.platform/Developer/SDKs/iPhoneOS17.5.sdk/System/Library/Frameworks/AppIntents.framework; sourceTree = DEVELOPER_DIR; };
		D7B9B7D62CEBAF0F00334D04 /* Brandon's BudgetDebug.entitlements */ = {isa = PBXFileReference; lastKnownFileType = text.plist.entitlements; path = "Brandon's BudgetDebug.entitlements"; sourceTree = "<group>"; };
		D7B9B7D72CEBAF2000334D04 /* Budget WidgetExtensionDebug.entitlements */ = {isa = PBXFileReference; lastKnownFileType = text.plist.entitlements; path = "Budget WidgetExtensionDebug.entitlements"; sourceTree = "<group>"; };
/* End PBXFileReference section */

/* Begin PBXFileSystemSynchronizedBuildFileExceptionSet section */
		D71742DD2CDEA91B000DE4F8 /* PBXFileSystemSynchronizedBuildFileExceptionSet */ = {
			isa = PBXFileSystemSynchronizedBuildFileExceptionSet;
			membershipExceptions = (
				Assets.xcassets,
				Budget_Widget.swift,
				Info.plist,
			);
			target = D7B2B7932C31F8A2005E0906 /* Brandon's Budget */;
		};
		D7AAA3E02DE0E25900D426CB /* PBXFileSystemSynchronizedBuildFileExceptionSet */ = {
			isa = PBXFileSystemSynchronizedBuildFileExceptionSet;
			membershipExceptions = (
				Budget/ViewModels/BudgetViewModel.swift,
				Budget/Views/BudgetView.swift,
				Budget/Views/Components/BudgetCategoryRow.swift,
				Budget/Views/Components/BudgetSummaryCard.swift,
				Budget/Views/Components/MoneyCalculatorView.swift,
				Budget/Views/EditCategoryView.swift,
				History/ViewModels/HistoryViewModel.swift,
				History/Views/BudgetHistoryView.swift,
				History/Views/Components/BudgetHistoryRow.swift,
				History/Views/Components/ChartLegend.swift,
				History/Views/Components/FilterSortView.swift,
				Onboarding/Views/WelcomePopupView.swift,
				Overview/ViewModels/OverviewViewModel.swift,
				Overview/Views/BudgetOverviewView.swift,
				Overview/Views/Components/SpendingPieChart.swift,
				Overview/Views/Components/TransactionRow.swift,
				Purchases/ViewModels/PurchasesViewModel.swift,
				Purchases/Views/Components/TransactionRowView.swift,
				Purchases/Views/PurchaseEntryView.swift,
				Purchases/Views/PurchasesView.swift,
				Purchases/Views/UpdatePurchaseView.swift,
				Settings/Models/SettingsStorage.swift,
				Settings/ViewModels/SettingsViewModel.swift,
				Settings/Views/CategoryMappingView.swift,
				Settings/Views/ExportOptionsView.swift,
				Settings/Views/ImportOptionsView.swift,
				Settings/Views/SettingsView.swift,
			);
			target = D7B2B8052C36655A005E0906 /* Budget WidgetExtension */;
		};
		D7AAA3E12DE0E30900D426CB /* PBXFileSystemSynchronizedBuildFileExceptionSet */ = {
			isa = PBXFileSystemSynchronizedBuildFileExceptionSet;
			membershipExceptions = (
				Managers/AppStateMonitor.swift,
				Managers/BudgetManager.swift,
				Managers/NotificationManager.swift,
				Managers/SettingsManager.swift,
				Managers/ThemeManager.swift,
				Models/BudgetCategoryData.swift,
				Models/BudgetEntry.swift,
				Models/BudgetHistoryData.swift,
				Models/BudgetOverviewData.swift,
				Models/MonthlyBudget.swift,
				Models/SpendingData.swift,
				Services/BudgetModel.xcdatamodeld,
				Services/CoreDataManager.swift,
				Services/CSVExport.swift,
				Services/CSVImport.swift,
				Services/ErrorHandlingSystem.swift,
				Types/AppEnums.swift,
				Types/SharedDataManager.swift,
				Types/TimePeriod.swift,
			);
			target = D7B2B8052C36655A005E0906 /* Budget WidgetExtension */;
		};
		D7AAA3E22DE0E34E00D426CB /* PBXFileSystemSynchronizedBuildFileExceptionSet */ = {
			isa = PBXFileSystemSynchronizedBuildFileExceptionSet;
			membershipExceptions = (
				"Brandon-s-Budget-Info.plist",
				BrandonsBudgetApp.swift,
				ContentView.swift,
			);
			target = D7B2B8052C36655A005E0906 /* Budget WidgetExtension */;
		};
		D7AAA3E72DE19B9100D426CB /* PBXFileSystemSynchronizedBuildFileExceptionSet */ = {
			isa = PBXFileSystemSynchronizedBuildFileExceptionSet;
			membershipExceptions = (
				"Brandon-s-Budget-Info.plist",
			);
			target = D7B2B7932C31F8A2005E0906 /* Brandon's Budget */;
		};
		D7AAA3E82DE19BB100D426CB /* PBXFileSystemSynchronizedBuildFileExceptionSet */ = {
			isa = PBXFileSystemSynchronizedBuildFileExceptionSet;
			membershipExceptions = (
				Info.plist,
			);
			target = D7B2B8052C36655A005E0906 /* Budget WidgetExtension */;
		};
		D7AAA3E92DE0E40100D426CB /* PBXFileSystemSynchronizedBuildFileExceptionSet */ = {
			isa = PBXFileSystemSynchronizedBuildFileExceptionSet;
			membershipExceptions = (
				Constants/AppConstants.swift,
				Constants/ColorConstants.swift,
				Extensions/ColorsExtensions.swift,
				Extensions/DateExtensions.swift,
				Extensions/NumberFomatterExtensions.swift,
				Extensions/ViewExtensions.swift,
				Helpers/FormatHelpers.swift,
				Helpers/PerformanceMonitor.swift,
				Helpers/ValidationHelpers.swift,
				UI/CommonComponents.swift,
				UI/ErrorViews.swift,
				UI/LoadingViews.swift,
			);
			target = D7B2B8052C36655A005E0906 /* Budget WidgetExtension */;
		};
		D7B9B89F2CEBDBBB00334D04 /* PBXFileSystemSynchronizedBuildFileExceptionSet */ = {
			isa = PBXFileSystemSynchronizedBuildFileExceptionSet;
			membershipExceptions = (
				Assets.xcassets,
			);
			target = D7B2B8052C36655A005E0906 /* Budget WidgetExtension */;
		};
/* End PBXFileSystemSynchronizedBuildFileExceptionSet section */

/* Begin PBXFileSystemSynchronizedGroupBuildPhaseMembershipExceptionSet section */
		D7B9B7DC2CEBB38600334D04 /* PBXFileSystemSynchronizedGroupBuildPhaseMembershipExceptionSet */ = {
			isa = PBXFileSystemSynchronizedGroupBuildPhaseMembershipExceptionSet;
			buildPhase = D7B2B8042C36655A005E0906 /* Resources */;
			membershipExceptions = (
				"Budget WidgetExtensionDebug.entitlements",
			);
		};
/* End PBXFileSystemSynchronizedGroupBuildPhaseMembershipExceptionSet section */

/* Begin PBXFileSystemSynchronizedRootGroup section */
		D71742602CDE981E000DE4F8 /* App */ = {isa = PBXFileSystemSynchronizedRootGroup; exceptions = (D7AAA3E72DE19B9100D426CB /* PBXFileSystemSynchronizedBuildFileExceptionSet */, D7AAA3E22DE0E34E00D426CB /* PBXFileSystemSynchronizedBuildFileExceptionSet */, ); explicitFileTypes = {}; explicitFolders = (); path = App; sourceTree = "<group>"; };
		D71742622CDE984C000DE4F8 /* Features */ = {isa = PBXFileSystemSynchronizedRootGroup; exceptions = (D7AAA3E02DE0E25900D426CB /* PBXFileSystemSynchronizedBuildFileExceptionSet */, ); explicitFileTypes = {}; explicitFolders = (); path = Features; sourceTree = "<group>"; };
		D71742632CDE985D000DE4F8 /* Core */ = {isa = PBXFileSystemSynchronizedRootGroup; exceptions = (D7AAA3E12DE0E30900D426CB /* PBXFileSystemSynchronizedBuildFileExceptionSet */, ); explicitFileTypes = {}; explicitFolders = (); path = Core; sourceTree = "<group>"; };
		D71742642CDE9863000DE4F8 /* Utils */ = {isa = PBXFileSystemSynchronizedRootGroup; exceptions = (D7AAA3E92DE0E40100D426CB /* PBXFileSystemSynchronizedBuildFileExceptionSet */, ); explicitFileTypes = {}; explicitFolders = (); path = Utils; sourceTree = "<group>"; };
		D71742662CDE9886000DE4F8 /* Widget */ = {isa = PBXFileSystemSynchronizedRootGroup; exceptions = (D71742DD2CDEA91B000DE4F8 /* PBXFileSystemSynchronizedBuildFileExceptionSet */, D7AAA3E82DE19BB100D426CB /* PBXFileSystemSynchronizedBuildFileExceptionSet */, D7B9B7DC2CEBB38600334D04 /* PBXFileSystemSynchronizedGroupBuildPhaseMembershipExceptionSet */, ); explicitFileTypes = {}; explicitFolders = (); path = Widget; sourceTree = "<group>"; };
		D71742ED2CDEABD2000DE4F8 /* Resources */ = {isa = PBXFileSystemSynchronizedRootGroup; exceptions = (D7B9B89F2CEBDBBB00334D04 /* PBXFileSystemSynchronizedBuildFileExceptionSet */, ); explicitFileTypes = {}; explicitFolders = (); path = Resources; sourceTree = "<group>"; };
		D7B9B7E02CEBD5EE00334D04 /* Preview Content */ = {isa = PBXFileSystemSynchronizedRootGroup; explicitFileTypes = {}; explicitFolders = (); path = "Preview Content"; sourceTree = "<group>"; };
/* End PBXFileSystemSynchronizedRootGroup section */

/* Begin PBXFrameworksBuildPhase section */
		D7B2B7912C31F8A2005E0906 /* Frameworks */ = {
			isa = PBXFrameworksBuildPhase;
			buildActionMask = 2147483647;
			files = (
			);
			runOnlyForDeploymentPostprocessing = 0;
		};
		D7B2B8032C36655A005E0906 /* Frameworks */ = {
			isa = PBXFrameworksBuildPhase;
			buildActionMask = 2147483647;
			files = (
				D7B2B80B2C36655A005E0906 /* SwiftUI.framework in Frameworks */,
				D7B2B8092C36655A005E0906 /* WidgetKit.framework in Frameworks */,
				D7B2B8282C388CFC005E0906 /* AppIntents.framework in Frameworks */,
			);
			runOnlyForDeploymentPostprocessing = 0;
		};
/* End PBXFrameworksBuildPhase section */

/* Begin PBXGroup section */
		D7B2B78B2C31F8A2005E0906 = {
			isa = PBXGroup;
			children = (
				D7B9B7E02CEBD5EE00334D04 /* Preview Content */,
				D7B9B7D72CEBAF2000334D04 /* Budget WidgetExtensionDebug.entitlements */,
				D7B9B7D62CEBAF0F00334D04 /* Brandon's BudgetDebug.entitlements */,
				D71742602CDE981E000DE4F8 /* App */,
				D71742622CDE984C000DE4F8 /* Features */,
				D71742632CDE985D000DE4F8 /* Core */,
				D71742642CDE9863000DE4F8 /* Utils */,
				D71742ED2CDEABD2000DE4F8 /* Resources */,
				D71742662CDE9886000DE4F8 /* Widget */,
				D7B2B8072C36655A005E0906 /* Frameworks */,
				D7B2B7952C31F8A2005E0906 /* Products */,
			);
			sourceTree = "<group>";
		};
		D7B2B7952C31F8A2005E0906 /* Products */ = {
			isa = PBXGroup;
			children = (
				D7B2B7942C31F8A2005E0906 /* Brandon's Budget.app */,
				D7B2B8062C36655A005E0906 /* Budget WidgetExtension.appex */,
			);
			name = Products;
			sourceTree = "<group>";
		};
		D7B2B8072C36655A005E0906 /* Frameworks */ = {
			isa = PBXGroup;
			children = (
				D7B2B8272C388CFC005E0906 /* AppIntents.framework */,
				D7B2B8082C36655A005E0906 /* WidgetKit.framework */,
				D7B2B80A2C36655A005E0906 /* SwiftUI.framework */,
			);
			name = Frameworks;
			sourceTree = "<group>";
		};
/* End PBXGroup section */

/* Begin PBXNativeTarget section */
		D7B2B7932C31F8A2005E0906 /* Brandon's Budget */ = {
			isa = PBXNativeTarget;
			buildConfigurationList = D7B2B7A32C31F8A4005E0906 /* Build configuration list for PBXNativeTarget "Brandon's Budget" */;
			buildPhases = (
				D7B2B7902C31F8A2005E0906 /* Sources */,
				D7B2B7912C31F8A2005E0906 /* Frameworks */,
				D7B2B7922C31F8A2005E0906 /* Resources */,
				D7B2B81A2C36655B005E0906 /* Embed Foundation Extensions */,
			);
			buildRules = (
			);
			dependencies = (
				D7B2B8152C36655B005E0906 /* PBXTargetDependency */,
			);
			fileSystemSynchronizedGroups = (
				D71742602CDE981E000DE4F8 /* App */,
				D71742622CDE984C000DE4F8 /* Features */,
				D71742632CDE985D000DE4F8 /* Core */,
				D71742642CDE9863000DE4F8 /* Utils */,
				D71742662CDE9886000DE4F8 /* Widget */,
				D71742ED2CDEABD2000DE4F8 /* Resources */,
				D7B9B7E02CEBD5EE00334D04 /* Preview Content */,
			);
			name = "Brandon's Budget";
			packageProductDependencies = (
			);
			productName = "Brandon's Budget";
			productReference = D7B2B7942C31F8A2005E0906 /* Brandon's Budget.app */;
			productType = "com.apple.product-type.application";
		};
		D7B2B8052C36655A005E0906 /* Budget WidgetExtension */ = {
			isa = PBXNativeTarget;
			buildConfigurationList = D7B2B8172C36655B005E0906 /* Build configuration list for PBXNativeTarget "Budget WidgetExtension" */;
			buildPhases = (
				D7B2B8022C36655A005E0906 /* Sources */,
				D7B2B8032C36655A005E0906 /* Frameworks */,
				D7B2B8042C36655A005E0906 /* Resources */,
			);
			buildRules = (
			);
			dependencies = (
			);
			fileSystemSynchronizedGroups = (
				D71742602CDE981E000DE4F8 /* App */,
				D71742622CDE984C000DE4F8 /* Features */,
				D71742632CDE985D000DE4F8 /* Core */,
				D71742642CDE9863000DE4F8 /* Utils */,
				D71742662CDE9886000DE4F8 /* Widget */,
				D71742ED2CDEABD2000DE4F8 /* Resources */,
				D7B9B7E02CEBD5EE00334D04 /* Preview Content */,
			);
			name = "Budget WidgetExtension";
			productName = "Budget WidgetExtension";
			productReference = D7B2B8062C36655A005E0906 /* Budget WidgetExtension.appex */;
			productType = "com.apple.product-type.app-extension";
		};
/* End PBXNativeTarget section */

/* Begin PBXProject section */
		D7B2B78C2C31F8A2005E0906 /* Project object */ = {
			isa = PBXProject;
			attributes = {
				BuildIndependentTargetsInParallel = 1;
				LastSwiftUpdateCheck = 1540;
				LastUpgradeCheck = 1630;
				TargetAttributes = {
					D7B2B7932C31F8A2005E0906 = {
						CreatedOnToolsVersion = 15.4;
					};
					D7B2B8052C36655A005E0906 = {
						CreatedOnToolsVersion = 15.4;
					};
				};
			};
			buildConfigurationList = D7B2B78F2C31F8A2005E0906 /* Build configuration list for PBXProject "Brandon's Budget" */;
			developmentRegion = en;
			hasScannedForEncodings = 0;
			knownRegions = (
				en,
				Base,
			);
			mainGroup = D7B2B78B2C31F8A2005E0906;
			packageReferences = (
				D7B2B7B22C3212A7005E0906 /* XCRemoteSwiftPackageReference "SQLite.swift" */,
			);
			preferredProjectObjectVersion = 56;
			productRefGroup = D7B2B7952C31F8A2005E0906 /* Products */;
			projectDirPath = "";
			projectRoot = "";
			targets = (
				D7B2B7932C31F8A2005E0906 /* Brandon's Budget */,
				D7B2B8052C36655A005E0906 /* Budget WidgetExtension */,
			);
		};
/* End PBXProject section */

/* Begin PBXResourcesBuildPhase section */
		D7B2B7922C31F8A2005E0906 /* Resources */ = {
			isa = PBXResourcesBuildPhase;
			buildActionMask = 2147483647;
			files = (
			);
			runOnlyForDeploymentPostprocessing = 0;
		};
		D7B2B8042C36655A005E0906 /* Resources */ = {
			isa = PBXResourcesBuildPhase;
			buildActionMask = 2147483647;
			files = (
			);
			runOnlyForDeploymentPostprocessing = 0;
		};
/* End PBXResourcesBuildPhase section */

/* Begin PBXSourcesBuildPhase section */
		D7B2B7902C31F8A2005E0906 /* Sources */ = {
			isa = PBXSourcesBuildPhase;
			buildActionMask = 2147483647;
			files = (
			);
			runOnlyForDeploymentPostprocessing = 0;
		};
		D7B2B8022C36655A005E0906 /* Sources */ = {
			isa = PBXSourcesBuildPhase;
			buildActionMask = 2147483647;
			files = (
			);
			runOnlyForDeploymentPostprocessing = 0;
		};
/* End PBXSourcesBuildPhase section */

/* Begin PBXTargetDependency section */
		D7B2B8152C36655B005E0906 /* PBXTargetDependency */ = {
			isa = PBXTargetDependency;
			target = D7B2B8052C36655A005E0906 /* Budget WidgetExtension */;
			targetProxy = D7B2B8142C36655B005E0906 /* PBXContainerItemProxy */;
		};
/* End PBXTargetDependency section */

/* Begin XCBuildConfiguration section */
		D7B2B7A12C31F8A4005E0906 /* Debug */ = {
			isa = XCBuildConfiguration;
			buildSettings = {
				ALWAYS_SEARCH_USER_PATHS = NO;
				ASSETCATALOG_COMPILER_GENERATE_SWIFT_ASSET_SYMBOL_EXTENSIONS = YES;
				CLANG_ANALYZER_NONNULL = YES;
				CLANG_ANALYZER_NUMBER_OBJECT_CONVERSION = YES_AGGRESSIVE;
				CLANG_CXX_LANGUAGE_STANDARD = "gnu++20";
				CLANG_ENABLE_MODULES = YES;
				CLANG_ENABLE_OBJC_ARC = YES;
				CLANG_ENABLE_OBJC_WEAK = YES;
				CLANG_WARN_BLOCK_CAPTURE_AUTORELEASING = YES;
				CLANG_WARN_BOOL_CONVERSION = YES;
				CLANG_WARN_COMMA = YES;
				CLANG_WARN_CONSTANT_CONVERSION = YES;
				CLANG_WARN_DEPRECATED_OBJC_IMPLEMENTATIONS = YES;
				CLANG_WARN_DIRECT_OBJC_ISA_USAGE = YES_ERROR;
				CLANG_WARN_DOCUMENTATION_COMMENTS = YES;
				CLANG_WARN_EMPTY_BODY = YES;
				CLANG_WARN_ENUM_CONVERSION = YES;
				CLANG_WARN_INFINITE_RECURSION = YES;
				CLANG_WARN_INT_CONVERSION = YES;
				CLANG_WARN_NON_LITERAL_NULL_CONVERSION = YES;
				CLANG_WARN_OBJC_IMPLICIT_RETAIN_SELF = YES;
				CLANG_WARN_OBJC_LITERAL_CONVERSION = YES;
				CLANG_WARN_OBJC_ROOT_CLASS = YES_ERROR;
				CLANG_WARN_QUOTED_INCLUDE_IN_FRAMEWORK_HEADER = YES;
				CLANG_WARN_RANGE_LOOP_ANALYSIS = YES;
				CLANG_WARN_STRICT_PROTOTYPES = YES;
				CLANG_WARN_SUSPICIOUS_MOVE = YES;
				CLANG_WARN_UNGUARDED_AVAILABILITY = YES_AGGRESSIVE;
				CLANG_WARN_UNREACHABLE_CODE = YES;
				CLANG_WARN__DUPLICATE_METHOD_MATCH = YES;
				COPY_PHASE_STRIP = NO;
				DEAD_CODE_STRIPPING = YES;
				DEBUG_INFORMATION_FORMAT = dwarf;
				DEVELOPMENT_TEAM = PN22YHBJDB;
				ENABLE_STRICT_OBJC_MSGSEND = YES;
				ENABLE_TESTABILITY = YES;
				ENABLE_USER_SCRIPT_SANDBOXING = YES;
				GCC_C_LANGUAGE_STANDARD = gnu17;
				GCC_DYNAMIC_NO_PIC = NO;
				GCC_NO_COMMON_BLOCKS = YES;
				GCC_OPTIMIZATION_LEVEL = 0;
				GCC_PREPROCESSOR_DEFINITIONS = (
					"DEBUG=1",
					"$(inherited)",
				);
				GCC_WARN_64_TO_32_BIT_CONVERSION = YES;
				GCC_WARN_ABOUT_RETURN_TYPE = YES_ERROR;
				GCC_WARN_UNDECLARED_SELECTOR = YES;
				GCC_WARN_UNINITIALIZED_AUTOS = YES_AGGRESSIVE;
				GCC_WARN_UNUSED_FUNCTION = YES;
				GCC_WARN_UNUSED_VARIABLE = YES;
				LOCALIZATION_PREFERS_STRING_CATALOGS = YES;
				MTL_ENABLE_DEBUG_INFO = INCLUDE_SOURCE;
				MTL_FAST_MATH = YES;
				ONLY_ACTIVE_ARCH = YES;
				SWIFT_ACTIVE_COMPILATION_CONDITIONS = "DEBUG $(inherited)";
				SWIFT_OPTIMIZATION_LEVEL = "-Onone";
			};
			name = Debug;
		};
		D7B2B7A22C31F8A4005E0906 /* Release */ = {
			isa = XCBuildConfiguration;
			buildSettings = {
				ALWAYS_SEARCH_USER_PATHS = NO;
				ASSETCATALOG_COMPILER_GENERATE_SWIFT_ASSET_SYMBOL_EXTENSIONS = YES;
				CLANG_ANALYZER_NONNULL = YES;
				CLANG_ANALYZER_NUMBER_OBJECT_CONVERSION = YES_AGGRESSIVE;
				CLANG_CXX_LANGUAGE_STANDARD = "gnu++20";
				CLANG_ENABLE_MODULES = YES;
				CLANG_ENABLE_OBJC_ARC = YES;
				CLANG_ENABLE_OBJC_WEAK = YES;
				CLANG_WARN_BLOCK_CAPTURE_AUTORELEASING = YES;
				CLANG_WARN_BOOL_CONVERSION = YES;
				CLANG_WARN_COMMA = YES;
				CLANG_WARN_CONSTANT_CONVERSION = YES;
				CLANG_WARN_DEPRECATED_OBJC_IMPLEMENTATIONS = YES;
				CLANG_WARN_DIRECT_OBJC_ISA_USAGE = YES_ERROR;
				CLANG_WARN_DOCUMENTATION_COMMENTS = YES;
				CLANG_WARN_EMPTY_BODY = YES;
				CLANG_WARN_ENUM_CONVERSION = YES;
				CLANG_WARN_INFINITE_RECURSION = YES;
				CLANG_WARN_INT_CONVERSION = YES;
				CLANG_WARN_NON_LITERAL_NULL_CONVERSION = YES;
				CLANG_WARN_OBJC_IMPLICIT_RETAIN_SELF = YES;
				CLANG_WARN_OBJC_LITERAL_CONVERSION = YES;
				CLANG_WARN_OBJC_ROOT_CLASS = YES_ERROR;
				CLANG_WARN_QUOTED_INCLUDE_IN_FRAMEWORK_HEADER = YES;
				CLANG_WARN_RANGE_LOOP_ANALYSIS = YES;
				CLANG_WARN_STRICT_PROTOTYPES = YES;
				CLANG_WARN_SUSPICIOUS_MOVE = YES;
				CLANG_WARN_UNGUARDED_AVAILABILITY = YES_AGGRESSIVE;
				CLANG_WARN_UNREACHABLE_CODE = YES;
				CLANG_WARN__DUPLICATE_METHOD_MATCH = YES;
				COPY_PHASE_STRIP = NO;
				DEAD_CODE_STRIPPING = YES;
				DEBUG_INFORMATION_FORMAT = "dwarf-with-dsym";
				DEVELOPMENT_TEAM = PN22YHBJDB;
				ENABLE_NS_ASSERTIONS = NO;
				ENABLE_STRICT_OBJC_MSGSEND = YES;
				ENABLE_USER_SCRIPT_SANDBOXING = YES;
				GCC_C_LANGUAGE_STANDARD = gnu17;
				GCC_NO_COMMON_BLOCKS = YES;
				GCC_WARN_64_TO_32_BIT_CONVERSION = YES;
				GCC_WARN_ABOUT_RETURN_TYPE = YES_ERROR;
				GCC_WARN_UNDECLARED_SELECTOR = YES;
				GCC_WARN_UNINITIALIZED_AUTOS = YES_AGGRESSIVE;
				GCC_WARN_UNUSED_FUNCTION = YES;
				GCC_WARN_UNUSED_VARIABLE = YES;
				LOCALIZATION_PREFERS_STRING_CATALOGS = YES;
				MTL_ENABLE_DEBUG_INFO = NO;
				MTL_FAST_MATH = YES;
				SWIFT_COMPILATION_MODE = wholemodule;
			};
			name = Release;
		};
		D7B2B7A42C31F8A4005E0906 /* Debug */ = {
			isa = XCBuildConfiguration;
			buildSettings = {
				ASSETCATALOG_COMPILER_APPICON_NAME = AppIcon;
				ASSETCATALOG_COMPILER_GLOBAL_ACCENT_COLOR_NAME = AccentColor;
				CODE_SIGN_ENTITLEMENTS = App/BrandonsBudget.entitlements;
				CODE_SIGN_STYLE = Automatic;
				CURRENT_PROJECT_VERSION = 1;
				DEAD_CODE_STRIPPING = YES;
				DEVELOPMENT_ASSET_PATHS = "";
				ENABLE_PREVIEWS = YES;
				GENERATE_INFOPLIST_FILE = YES;
				INFOPLIST_FILE = "App/Brandon-s-Budget-Info.plist";
				INFOPLIST_KEY_CFBundleDisplayName = Budget;
				INFOPLIST_KEY_LSApplicationCategoryType = "public.app-category.finance";
				INFOPLIST_KEY_LSSupportsOpeningDocumentsInPlace = YES;
				INFOPLIST_KEY_NSCameraUsageDescription = "This app needs access to the camera to scan receipts.";
				INFOPLIST_KEY_NSPhotoLibraryUsageDescription = "This app needs access to your photo library to import receipt images.";
				"INFOPLIST_KEY_UIApplicationSceneManifest_Generation[sdk=iphoneos*]" = YES;
				"INFOPLIST_KEY_UIApplicationSceneManifest_Generation[sdk=iphonesimulator*]" = YES;
				INFOPLIST_KEY_UIApplicationSupportsIndirectInputEvents = YES;
				"INFOPLIST_KEY_UIApplicationSupportsIndirectInputEvents[sdk=iphoneos*]" = YES;
				"INFOPLIST_KEY_UIApplicationSupportsIndirectInputEvents[sdk=iphonesimulator*]" = YES;
				"INFOPLIST_KEY_UILaunchScreen_Generation[sdk=iphoneos*]" = YES;
				"INFOPLIST_KEY_UILaunchScreen_Generation[sdk=iphonesimulator*]" = YES;
				INFOPLIST_KEY_UILaunchStoryboardName = LaunchScreen;
				INFOPLIST_KEY_UIRequiredDeviceCapabilities = armv7;
				"INFOPLIST_KEY_UIStatusBarStyle[sdk=iphoneos*]" = UIStatusBarStyleDefault;
				"INFOPLIST_KEY_UIStatusBarStyle[sdk=iphonesimulator*]" = UIStatusBarStyleDefault;
				INFOPLIST_KEY_UISupportedInterfaceOrientations = "UIInterfaceOrientationPortrait UIInterfaceOrientationLandscapeLeft UIInterfaceOrientationLandscapeRight";
				INFOPLIST_KEY_UISupportedInterfaceOrientations_iPad = "UIInterfaceOrientationPortrait UIInterfaceOrientationPortraitUpsideDown UIInterfaceOrientationLandscapeLeft UIInterfaceOrientationLandscapeRight";
				INFOPLIST_KEY_UISupportedInterfaceOrientations_iPhone = "UIInterfaceOrientationPortrait UIInterfaceOrientationLandscapeLeft UIInterfaceOrientationLandscapeRight";
				IPHONEOS_DEPLOYMENT_TARGET = 17.5;
				LD_RUNPATH_SEARCH_PATHS = "@executable_path/Frameworks";
				"LD_RUNPATH_SEARCH_PATHS[sdk=macosx*]" = "@executable_path/../Frameworks";
				MACOSX_DEPLOYMENT_TARGET = 14.5;
				MARKETING_VERSION = 1.0;
				PRODUCT_BUNDLE_IDENTIFIER = com.btlabs.Budget;
				PRODUCT_NAME = "$(TARGET_NAME)";
				SDKROOT = auto;
				SUPPORTED_PLATFORMS = "iphoneos iphonesimulator";
				SUPPORTS_MACCATALYST = NO;
				SWIFT_EMIT_LOC_STRINGS = YES;
				SWIFT_VERSION = 5.0;
				TARGETED_DEVICE_FAMILY = "1,2";
			};
			name = Debug;
		};
		D7B2B7A52C31F8A4005E0906 /* Release */ = {
			isa = XCBuildConfiguration;
			buildSettings = {
				ASSETCATALOG_COMPILER_APPICON_NAME = AppIcon;
				ASSETCATALOG_COMPILER_GLOBAL_ACCENT_COLOR_NAME = AccentColor;
				CODE_SIGN_ENTITLEMENTS = App/BrandonsBudget.entitlements;
				CODE_SIGN_STYLE = Automatic;
				CURRENT_PROJECT_VERSION = 1;
				DEAD_CODE_STRIPPING = YES;
				DEVELOPMENT_ASSET_PATHS = "";
				ENABLE_PREVIEWS = YES;
				GENERATE_INFOPLIST_FILE = YES;
				INFOPLIST_FILE = "App/Brandon-s-Budget-Info.plist";
				INFOPLIST_KEY_CFBundleDisplayName = Budget;
				INFOPLIST_KEY_LSApplicationCategoryType = "public.app-category.finance";
				INFOPLIST_KEY_LSSupportsOpeningDocumentsInPlace = YES;
				INFOPLIST_KEY_NSCameraUsageDescription = "This app needs access to the camera to scan receipts.";
				INFOPLIST_KEY_NSPhotoLibraryUsageDescription = "This app needs access to your photo library to import receipt images.";
				"INFOPLIST_KEY_UIApplicationSceneManifest_Generation[sdk=iphoneos*]" = YES;
				"INFOPLIST_KEY_UIApplicationSceneManifest_Generation[sdk=iphonesimulator*]" = YES;
				INFOPLIST_KEY_UIApplicationSupportsIndirectInputEvents = YES;
				"INFOPLIST_KEY_UIApplicationSupportsIndirectInputEvents[sdk=iphoneos*]" = YES;
				"INFOPLIST_KEY_UIApplicationSupportsIndirectInputEvents[sdk=iphonesimulator*]" = YES;
				"INFOPLIST_KEY_UILaunchScreen_Generation[sdk=iphoneos*]" = YES;
				"INFOPLIST_KEY_UILaunchScreen_Generation[sdk=iphonesimulator*]" = YES;
				INFOPLIST_KEY_UILaunchStoryboardName = LaunchScreen;
				INFOPLIST_KEY_UIRequiredDeviceCapabilities = armv7;
				"INFOPLIST_KEY_UIStatusBarStyle[sdk=iphoneos*]" = UIStatusBarStyleDefault;
				"INFOPLIST_KEY_UIStatusBarStyle[sdk=iphonesimulator*]" = UIStatusBarStyleDefault;
				INFOPLIST_KEY_UISupportedInterfaceOrientations = "UIInterfaceOrientationPortrait UIInterfaceOrientationLandscapeLeft UIInterfaceOrientationLandscapeRight";
				INFOPLIST_KEY_UISupportedInterfaceOrientations_iPad = "UIInterfaceOrientationPortrait UIInterfaceOrientationPortraitUpsideDown UIInterfaceOrientationLandscapeLeft UIInterfaceOrientationLandscapeRight";
				INFOPLIST_KEY_UISupportedInterfaceOrientations_iPhone = "UIInterfaceOrientationPortrait UIInterfaceOrientationLandscapeLeft UIInterfaceOrientationLandscapeRight";
				IPHONEOS_DEPLOYMENT_TARGET = 17.5;
				LD_RUNPATH_SEARCH_PATHS = "@executable_path/Frameworks";
				"LD_RUNPATH_SEARCH_PATHS[sdk=macosx*]" = "@executable_path/../Frameworks";
				MACOSX_DEPLOYMENT_TARGET = 14.5;
				MARKETING_VERSION = 1.0;
				PRODUCT_BUNDLE_IDENTIFIER = com.btlabs.Budget;
				PRODUCT_NAME = "$(TARGET_NAME)";
				SDKROOT = auto;
				SUPPORTED_PLATFORMS = "iphoneos iphonesimulator";
				SUPPORTS_MACCATALYST = NO;
				SWIFT_EMIT_LOC_STRINGS = YES;
				SWIFT_VERSION = 5.0;
				TARGETED_DEVICE_FAMILY = "1,2";
			};
			name = Release;
		};
		D7B2B8182C36655B005E0906 /* Debug */ = {
			isa = XCBuildConfiguration;
			buildSettings = {
				ASSETCATALOG_COMPILER_GLOBAL_ACCENT_COLOR_NAME = AccentColor;
				ASSETCATALOG_COMPILER_WIDGET_BACKGROUND_COLOR_NAME = WidgetBackground;
				CODE_SIGN_ENTITLEMENTS = "Widget/Budget WidgetExtension.entitlements";
				CODE_SIGN_STYLE = Automatic;
				CURRENT_PROJECT_VERSION = 1;
				GENERATE_INFOPLIST_FILE = YES;
				INFOPLIST_FILE = Widget/Info.plist;
				INFOPLIST_KEY_CFBundleDisplayName = "Budget Widget";
				INFOPLIST_KEY_NSHumanReadableCopyright = "";
				IPHONEOS_DEPLOYMENT_TARGET = 17.5;
				LD_RUNPATH_SEARCH_PATHS = (
					"$(inherited)",
					"@executable_path/Frameworks",
					"@executable_path/../../Frameworks",
				);
				MARKETING_VERSION = 1.0;
				PRODUCT_BUNDLE_IDENTIFIER = "com.btlabs.Budget.Budget-Widget";
				PRODUCT_NAME = "$(TARGET_NAME)";
				SDKROOT = iphoneos;
				SKIP_INSTALL = YES;
				SWIFT_EMIT_LOC_STRINGS = YES;
				SWIFT_VERSION = 5.0;
				TARGETED_DEVICE_FAMILY = "1,2";
			};
			name = Debug;
		};
		D7B2B8192C36655B005E0906 /* Release */ = {
			isa = XCBuildConfiguration;
			buildSettings = {
				ASSETCATALOG_COMPILER_GLOBAL_ACCENT_COLOR_NAME = AccentColor;
				ASSETCATALOG_COMPILER_WIDGET_BACKGROUND_COLOR_NAME = WidgetBackground;
				CODE_SIGN_ENTITLEMENTS = "Widget/Budget WidgetExtension.entitlements";
				CODE_SIGN_STYLE = Automatic;
				CURRENT_PROJECT_VERSION = 1;
				GENERATE_INFOPLIST_FILE = YES;
				INFOPLIST_FILE = Widget/Info.plist;
				INFOPLIST_KEY_CFBundleDisplayName = "Budget Widget";
				INFOPLIST_KEY_NSHumanReadableCopyright = "";
				IPHONEOS_DEPLOYMENT_TARGET = 17.5;
				LD_RUNPATH_SEARCH_PATHS = (
					"$(inherited)",
					"@executable_path/Frameworks",
					"@executable_path/../../Frameworks",
				);
				MARKETING_VERSION = 1.0;
				PRODUCT_BUNDLE_IDENTIFIER = "com.btlabs.Budget.Budget-Widget";
				PRODUCT_NAME = "$(TARGET_NAME)";
				SDKROOT = iphoneos;
				SKIP_INSTALL = YES;
				SWIFT_EMIT_LOC_STRINGS = YES;
				SWIFT_VERSION = 5.0;
				TARGETED_DEVICE_FAMILY = "1,2";
				VALIDATE_PRODUCT = YES;
			};
			name = Release;
		};
/* End XCBuildConfiguration section */

/* Begin XCConfigurationList section */
		D7B2B78F2C31F8A2005E0906 /* Build configuration list for PBXProject "Brandon's Budget" */ = {
			isa = XCConfigurationList;
			buildConfigurations = (
				D7B2B7A12C31F8A4005E0906 /* Debug */,
				D7B2B7A22C31F8A4005E0906 /* Release */,
			);
			defaultConfigurationIsVisible = 0;
			defaultConfigurationName = Release;
		};
		D7B2B7A32C31F8A4005E0906 /* Build configuration list for PBXNativeTarget "Brandon's Budget" */ = {
			isa = XCConfigurationList;
			buildConfigurations = (
				D7B2B7A42C31F8A4005E0906 /* Debug */,
				D7B2B7A52C31F8A4005E0906 /* Release */,
			);
			defaultConfigurationIsVisible = 0;
			defaultConfigurationName = Release;
		};
		D7B2B8172C36655B005E0906 /* Build configuration list for PBXNativeTarget "Budget WidgetExtension" */ = {
			isa = XCConfigurationList;
			buildConfigurations = (
				D7B2B8182C36655B005E0906 /* Debug */,
				D7B2B8192C36655B005E0906 /* Release */,
			);
			defaultConfigurationIsVisible = 0;
			defaultConfigurationName = Release;
		};
/* End XCConfigurationList section */

/* Begin XCRemoteSwiftPackageReference section */
		D7B2B7B22C3212A7005E0906 /* XCRemoteSwiftPackageReference "SQLite.swift" */ = {
			isa = XCRemoteSwiftPackageReference;
			repositoryURL = "https://github.com/stephencelis/SQLite.swift.git";
			requirement = {
				kind = upToNextMajorVersion;
				minimumVersion = 0.15.3;
			};
		};
/* End XCRemoteSwiftPackageReference section */
	};
	rootObject = D7B2B78C2C31F8A2005E0906 /* Project object */;
}
